lockfileVersion: '9.0'

settings:
  autoInstallPeers: true
  excludeLinksFromLockfile: false

importers:

  .:
    dependencies:
      '@notionhq/client':
        specifier: ^5.6.0
        version: 5.6.0
      ohash:
        specifier: ^2.0.11
        version: 2.0.11
      react:
        specifier: '>= 18'
        version: 18.3.1
      react-dom:
        specifier: '>= 18'
        version: 18.3.1(react@18.3.1)
    devDependencies:
      '@types/react':
        specifier: ^19.2.7
        version: 19.2.7
      '@types/react-dom':
        specifier: ^19.2.3
        version: 19.2.3(@types/react@19.2.7)
      oxfmt:
        specifier: ^0.21.0
        version: 0.21.0
      rolldown:
        specifier: 1.0.0-beta.57
        version: 1.0.0-beta.57
      rolldown-plugin-dts:
        specifier: ^0.20.0
        version: 0.20.0(rolldown@1.0.0-beta.57)(typescript@5.9.3)
      typescript:
        specifier: ^5.9.3
        version: 5.9.3

packages:

  '@babel/generator@7.28.5':
    resolution: {integrity: sha512-3EwLFhZ38J4VyIP6WNtt2kUdW9dokXA9Cr4IVIFHuCpZ3H8/YFOl5JjZHisrn1fATPBmKKqXzDFvh9fUwHz6CQ==}
    engines: {node: '>=6.9.0'}

  '@babel/helper-string-parser@7.27.1':
    resolution: {integrity: sha512-qMlSxKbpRlAridDExk92nSobyDdpPijUq2DW6oDnUqd0iOGxmQjyqhMIihI9+zv4LPyZdRje2cavWPbCbWm3eA==}
    engines: {node: '>=6.9.0'}

  '@babel/helper-validator-identifier@7.28.5':
    resolution: {integrity: sha512-qSs4ifwzKJSV39ucNjsvc6WVHs6b7S03sOh2OcHF9UHfVPqWWALUsNUVzhSBiItjRZoLHx7nIarVjqKVusUZ1Q==}
    engines: {node: '>=6.9.0'}

  '@babel/parser@7.28.5':
    resolution: {integrity: sha512-KKBU1VGYR7ORr3At5HAtUQ+TV3SzRCXmA/8OdDZiLDBIZxVyzXuztPjfLd3BV1PRAQGCMWWSHYhL0F8d5uHBDQ==}
    engines: {node: '>=6.0.0'}
    hasBin: true

  '@babel/types@7.28.5':
    resolution: {integrity: sha512-qQ5m48eI/MFLQ5PxQj4PFaprjyCTLI37ElWMmNs0K8Lk3dVeOdNpB3ks8jc7yM5CDmVC73eMVk/trk3fgmrUpA==}
    engines: {node: '>=6.9.0'}

  '@emnapi/core@1.7.1':
    resolution: {integrity: sha512-o1uhUASyo921r2XtHYOHy7gdkGLge8ghBEQHMWmyJFoXlpU58kIrhhN3w26lpQb6dspetweapMn2CSNwQ8I4wg==}

  '@emnapi/runtime@1.7.1':
    resolution: {integrity: sha512-PVtJr5CmLwYAU9PZDMITZoR5iAOShYREoR45EyyLrbntV50mdePTgUn4AmOw90Ifcj+x2kRjdzr1HP3RrNiHGA==}

  '@emnapi/wasi-threads@1.1.0':
    resolution: {integrity: sha512-WI0DdZ8xFSbgMjR1sFsKABJ/C5OnRrjT06JXbZKexJGrDuPTzZdDYfFlsgcCXCyf+suG5QU2e/y1Wo2V/OapLQ==}

  '@jridgewell/gen-mapping@0.3.13':
    resolution: {integrity: sha512-2kkt/7niJ6MgEPxF0bYdQ6etZaA+fQvDcLKckhy1yIQOzaoKjBBjSj63/aLVjYE3qhRt5dvM+uUyfCg6UKCBbA==}

  '@jridgewell/resolve-uri@3.1.2':
    resolution: {integrity: sha512-bRISgCIjP20/tbWSPWMEi54QVPRZExkuD9lJL+UIxUKtwVJA8wW1Trb1jMs1RFXo1CBTNZ/5hpC9QvmKWdopKw==}
    engines: {node: '>=6.0.0'}

  '@jridgewell/sourcemap-codec@1.5.5':
    resolution: {integrity: sha512-cYQ9310grqxueWbl+WuIUIaiUaDcj7WOq5fVhEljNVgRfOUhY9fy2zTvfoqWsnebh8Sl70VScFbICvJnLKB0Og==}

  '@jridgewell/trace-mapping@0.3.31':
    resolution: {integrity: sha512-zzNR+SdQSDJzc8joaeP8QQoCQr8NuYx2dIIytl1QeBEZHJ9uW6hebsrYgbz8hJwUQao3TWCMtmfV8Nu1twOLAw==}

  '@napi-rs/wasm-runtime@1.1.1':
    resolution: {integrity: sha512-p64ah1M1ld8xjWv3qbvFwHiFVWrq1yFvV4f7w+mzaqiR4IlSgkqhcRdHwsGgomwzBH51sRY4NEowLxnaBjcW/A==}

  '@notionhq/client@5.6.0':
    resolution: {integrity: sha512-eA3dO87vQJhFmR59utXH8r0nnulW7C7oTcxfp3bpiiTiv59luCkOkbbALCIa8TzBDdELoRD/zJEIfKcynyFR6Q==}
    engines: {node: '>=18'}

  '@oxc-project/types@0.103.0':
    resolution: {integrity: sha512-bkiYX5kaXWwUessFRSoXFkGIQTmc6dLGdxuRTrC+h8PSnIdZyuXHHlLAeTmOue5Br/a0/a7dHH0Gca6eXn9MKg==}

  '@oxfmt/darwin-arm64@0.21.0':
    resolution: {integrity: sha512-defgGcchFCq2F7f5Nr3E4VXYW1sUhBGmIejgcPZ1gSsc8FAeT+vP5cSeGnDv+kcX+OKFDt89C67c31qZ6yZBsQ==}
    cpu: [arm64]
    os: [darwin]

  '@oxfmt/darwin-x64@0.21.0':
    resolution: {integrity: sha512-rYJinOZRabPF2V3kn0TWX4vcYHV2F+DkGewNP8HZ/OXQ3CEJKP+E7KCnEz/x614g3/S5J7cahr9l5Mr3AEZigA==}
    cpu: [x64]
    os: [darwin]

  '@oxfmt/linux-arm64-gnu@0.21.0':
    resolution: {integrity: sha512-ILTv8stX3r2gK+pgSc2alJrbpI4i8zlLXzuuhUsjeEN/Ti//Z38MDi6kTov3pzcaBEnQ/xEMgQyczokp7jpyyQ==}
    cpu: [arm64]
    os: [linux]

  '@oxfmt/linux-arm64-musl@0.21.0':
    resolution: {integrity: sha512-kFZ0vPJzsGjkrwq2MPEpp8TjV7/Znv9kCEwLF+HcFwvfcSt75dWloGmTRRrViH0ACaCM7YBSDUOV8E4nyLvxPA==}
    cpu: [arm64]
    os: [linux]

  '@oxfmt/linux-x64-gnu@0.21.0':
    resolution: {integrity: sha512-VH8ZcS2TkTBE0v9cLxjNGX++vB9Xvx/7VTFrbwHYzY/fYypYTwQ+n1KplUQoU+LrMC0nKqwPWYzvA5/cAfo5zg==}
    cpu: [x64]
    os: [linux]

  '@oxfmt/linux-x64-musl@0.21.0':
    resolution: {integrity: sha512-qleaVEFHw/kmbvNj3hjobX1kwbP2/d7SVJzQjyEFULou1v3EZj7jWbblIu7GmDCSspdiEk1j/pZDYH801Dn8QA==}
    cpu: [x64]
    os: [linux]

  '@oxfmt/win32-arm64@0.21.0':
    resolution: {integrity: sha512-JLZUo5qEyJfxhoj6KEU/CqI8FQlzIP8rBq7qGTq0kCJ2yZJC9tysBqJYZXvX88ShiNe89/T/H3khodaKGBBNgg==}
    cpu: [arm64]
    os: [win32]

  '@oxfmt/win32-x64@0.21.0':
    resolution: {integrity: sha512-DYNpbuPzUhTuWUIqDhwSaV1mK+VcknD4ANaEON+/ygaNGriSZ4pRUt1BTRcXfcOF9GZ4BO9udjv31S0bAEsFeQ==}
    cpu: [x64]
    os: [win32]

  '@rolldown/binding-android-arm64@1.0.0-beta.57':
    resolution: {integrity: sha512-GoOVDy8bjw9z1K30Oo803nSzXJS/vWhFijFsW3kzvZCO8IZwFnNa6pGctmbbJstKl3Fv6UBwyjJQN6msejW0IQ==}
    engines: {node: ^20.19.0 || >=22.12.0}
    cpu: [arm64]
    os: [android]

  '@rolldown/binding-darwin-arm64@1.0.0-beta.57':
    resolution: {integrity: sha512-9c4FOhRGpl+PX7zBK5p17c5efpF9aSpTPgyigv57hXf5NjQUaJOOiejPLAtFiKNBIfm5Uu6yFkvLKzOafNvlTw==}
    engines: {node: ^20.19.0 || >=22.12.0}
    cpu: [arm64]
    os: [darwin]

  '@rolldown/binding-darwin-x64@1.0.0-beta.57':
    resolution: {integrity: sha512-6RsB8Qy4LnGqNGJJC/8uWeLWGOvbRL/KG5aJ8XXpSEupg/KQtlBEiFaYU/Ma5Usj1s+bt3ItkqZYAI50kSplBA==}
    engines: {node: ^20.19.0 || >=22.12.0}
    cpu: [x64]
    os: [darwin]

  '@rolldown/binding-freebsd-x64@1.0.0-beta.57':
    resolution: {integrity: sha512-uA9kG7+MYkHTbqwv67Tx+5GV5YcKd33HCJIi0311iYBd25yuwyIqvJfBdt1VVB8tdOlyTb9cPAgfCki8nhwTQg==}
    engines: {node: ^20.19.0 || >=22.12.0}
    cpu: [x64]
    os: [freebsd]

  '@rolldown/binding-linux-arm-gnueabihf@1.0.0-beta.57':
    resolution: {integrity: sha512-3KkS0cHsllT2T+Te+VZMKHNw6FPQihYsQh+8J4jkzwgvAQpbsbXmrqhkw3YU/QGRrD8qgcOvBr6z5y6Jid+rmw==}
    engines: {node: ^20.19.0 || >=22.12.0}
    cpu: [arm]
    os: [linux]

  '@rolldown/binding-linux-arm64-gnu@1.0.0-beta.57':
    resolution: {integrity: sha512-A3/wu1RgsHhqP3rVH2+sM81bpk+Qd2XaHTl8LtX5/1LNR7QVBFBCpAoiXwjTdGnI5cMdBVi7Z1pi52euW760Fw==}
    engines: {node: ^20.19.0 || >=22.12.0}
    cpu: [arm64]
    os: [linux]

  '@rolldown/binding-linux-arm64-musl@1.0.0-beta.57':
    resolution: {integrity: sha512-d0kIVezTQtazpyWjiJIn5to8JlwfKITDqwsFv0Xc6s31N16CD2PC/Pl2OtKgS7n8WLOJbfqgIp5ixYzTAxCqMg==}
    engines: {node: ^20.19.0 || >=22.12.0}
    cpu: [arm64]
    os: [linux]

  '@rolldown/binding-linux-x64-gnu@1.0.0-beta.57':
    resolution: {integrity: sha512-E199LPijo98yrLjPCmETx8EF43sZf9t3guSrLee/ej1rCCc3zDVTR4xFfN9BRAapGVl7/8hYqbbiQPTkv73kUg==}
    engines: {node: ^20.19.0 || >=22.12.0}
    cpu: [x64]
    os: [linux]

  '@rolldown/binding-linux-x64-musl@1.0.0-beta.57':
    resolution: {integrity: sha512-++EQDpk/UJ33kY/BNsh7A7/P1sr/jbMuQ8cE554ZIy+tCUWCivo9zfyjDUoiMdnxqX6HLJEqqGnbGQOvzm2OMQ==}
    engines: {node: ^20.19.0 || >=22.12.0}
    cpu: [x64]
    os: [linux]

  '@rolldown/binding-openharmony-arm64@1.0.0-beta.57':
    resolution: {integrity: sha512-voDEBcNqxbUv/GeXKFtxXVWA+H45P/8Dec4Ii/SbyJyGvCqV1j+nNHfnFUIiRQ2Q40DwPe/djvgYBs9PpETiMA==}
    engines: {node: ^20.19.0 || >=22.12.0}
    cpu: [arm64]
    os: [openharmony]

  '@rolldown/binding-wasm32-wasi@1.0.0-beta.57':
    resolution: {integrity: sha512-bRhcF7NLlCnpkzLVlVhrDEd0KH22VbTPkPTbMjlYvqhSmarxNIq5vtlQS8qmV7LkPKHrNLWyJW/V/sOyFba26Q==}
    engines: {node: '>=14.0.0'}
    cpu: [wasm32]

  '@rolldown/binding-win32-arm64-msvc@1.0.0-beta.57':
    resolution: {integrity: sha512-rnDVGRks2FQ2hgJ2g15pHtfxqkGFGjJQUDWzYznEkE8Ra2+Vag9OffxdbJMZqBWXHVM0iS4dv8qSiEn7bO+n1Q==}
    engines: {node: ^20.19.0 || >=22.12.0}
    cpu: [arm64]
    os: [win32]

  '@rolldown/binding-win32-x64-msvc@1.0.0-beta.57':
    resolution: {integrity: sha512-OqIUyNid1M4xTj6VRXp/Lht/qIP8fo25QyAZlCP+p6D2ATCEhyW4ZIFLnC9zAGN/HMbXoCzvwfa8Jjg/8J4YEg==}
    engines: {node: ^20.19.0 || >=22.12.0}
    cpu: [x64]
    os: [win32]

  '@rolldown/pluginutils@1.0.0-beta.57':
    resolution: {integrity: sha512-aQNelgx14tGA+n2tNSa9x6/jeoCL9fkDeCei7nOKnHx0fEFRRMu5ReiITo+zZD5TzWDGGRjbSYCs93IfRIyTuQ==}

  '@tybys/wasm-util@0.10.1':
    resolution: {integrity: sha512-9tTaPJLSiejZKx+Bmog4uSubteqTvFrVrURwkmHixBo0G4seD0zUxp98E1DzUBJxLQ3NPwXrGKDiVjwx/DpPsg==}

  '@types/react-dom@19.2.3':
    resolution: {integrity: sha512-jp2L/eY6fn+KgVVQAOqYItbF0VY/YApe5Mz2F0aykSO8gx31bYCZyvSeYxCHKvzHG5eZjc+zyaS5BrBWya2+kQ==}
    peerDependencies:
      '@types/react': ^19.2.0

  '@types/react@19.2.7':
    resolution: {integrity: sha512-MWtvHrGZLFttgeEj28VXHxpmwYbor/ATPYbBfSFZEIRK0ecCFLl2Qo55z52Hss+UV9CRN7trSeq1zbgx7YDWWg==}

  ast-kit@2.2.0:
    resolution: {integrity: sha512-m1Q/RaVOnTp9JxPX+F+Zn7IcLYMzM8kZofDImfsKZd8MbR+ikdOzTeztStWqfrqIxZnYWryyI9ePm3NGjnZgGw==}
    engines: {node: '>=20.19.0'}

  birpc@4.0.0:
    resolution: {integrity: sha512-LShSxJP0KTmd101b6DRyGBj57LZxSDYWKitQNW/mi8GRMvZb078Uf9+pveax1DrVL89vm7mWe+TovdI/UDOuPw==}

  csstype@3.2.3:
    resolution: {integrity: sha512-z1HGKcYy2xA8AGQfwrn0PAy+PB7X/GSj3UVJW9qKyn43xWa+gl5nXmU4qqLMRzWVLFC8KusUX8T/0kCiOYpAIQ==}

  dts-resolver@2.1.3:
    resolution: {integrity: sha512-bihc7jPC90VrosXNzK0LTE2cuLP6jr0Ro8jk+kMugHReJVLIpHz/xadeq3MhuwyO4TD4OA3L1Q8pBBFRc08Tsw==}
    engines: {node: '>=20.19.0'}
    peerDependencies:
      oxc-resolver: '>=11.0.0'
    peerDependenciesMeta:
      oxc-resolver:
        optional: true

  get-tsconfig@4.13.0:
    resolution: {integrity: sha512-1VKTZJCwBrvbd+Wn3AOgQP/2Av+TfTCOlE4AcRJE72W1ksZXbAx8PPBR9RzgTeSPzlPMHrbANMH3LbltH73wxQ==}

  js-tokens@4.0.0:
    resolution: {integrity: sha512-RdJUflcE3cUzKiMqQgsCu06FPu9UdIJO0beYbPhHN4k6apgJtifcoCtT9bcxOpYBtpD2kCM6Sbzg4CausW/PKQ==}

  jsesc@3.1.0:
    resolution: {integrity: sha512-/sM3dO2FOzXjKQhJuo0Q173wf2KOo8t4I8vHy6lF9poUp7bKT0/NHE8fPX23PwfhnykfqnC2xRxOnVw5XuGIaA==}
    engines: {node: '>=6'}
    hasBin: true

  loose-envify@1.4.0:
    resolution: {integrity: sha512-lyuxPGr/Wfhrlem2CL/UcnUc1zcqKAImBDzukY7Y5F/yQiNdko6+fRLevlw1HgMySw7f611UIY408EtxRSoK3Q==}
    hasBin: true

  obug@2.1.1:
    resolution: {integrity: sha512-uTqF9MuPraAQ+IsnPf366RG4cP9RtUi7MLO1N3KEc+wb0a6yKpeL0lmk2IB1jY5KHPAlTc6T/JRdC/YqxHNwkQ==}

  ohash@2.0.11:
    resolution: {integrity: sha512-RdR9FQrFwNBNXAr4GixM8YaRZRJ5PUWbKYbE5eOsrwAjJW0q2REGcf79oYPsLyskQCZG1PLN+S/K1V00joZAoQ==}

  oxfmt@0.21.0:
    resolution: {integrity: sha512-EXK5pd1kGbI8hp9Ld69oy/ObAoe+gfH3dYHBviKqwSAHNkAHiqxWF1hnrWj5oun1GnQ8bVpqBMMVXJESMx6/+g==}
    engines: {node: ^20.19.0 || >=22.12.0}
    hasBin: true

  pathe@2.0.3:
    resolution: {integrity: sha512-WUjGcAqP1gQacoQe+OBJsFA7Ld4DyXuUIjZ5cc75cLHvJ7dtNsTugphxIADwspS+AraAUePCKrSVtPLFj/F88w==}

  react-dom@18.3.1:
    resolution: {integrity: sha512-5m4nQKp+rZRb09LNH59GM4BxTh9251/ylbKIbpe7TpGxfJ+9kv6BLkLBXIjjspbgbnIBNqlI23tRnTWT0snUIw==}
    peerDependencies:
      react: ^18.3.1

  react@18.3.1:
    resolution: {integrity: sha512-wS+hAgJShR0KhEvPJArfuPVN1+Hz1t0Y6n5jLrGQbkb4urgPE/0Rve+1kMB1v/oWgHgm4WIcV+i7F2pTVj+2iQ==}
    engines: {node: '>=0.10.0'}

  resolve-pkg-maps@1.0.0:
    resolution: {integrity: sha512-seS2Tj26TBVOC2NIc2rOe2y2ZO7efxITtLZcGSOnHHNOQ7CkiUBfw0Iw2ck6xkIhPwLhKNLS8BO+hEpngQlqzw==}

  rolldown-plugin-dts@0.20.0:
    resolution: {integrity: sha512-cLAY1kN2ilTYMfZcFlGWbXnu6Nb+8uwUBsi+Mjbh4uIx7IN8uMOmJ7RxrrRgPsO4H7eSz3E+JwGoL1gyugiyUA==}
    engines: {node: '>=20.19.0'}
    peerDependencies:
      '@ts-macro/tsc': ^0.3.6
      '@typescript/native-preview': '>=7.0.0-dev.20250601.1'
      rolldown: ^1.0.0-beta.57
      typescript: ^5.0.0
      vue-tsc: ~3.2.0
    peerDependenciesMeta:
      '@ts-macro/tsc':
        optional: true
      '@typescript/native-preview':
        optional: true
      typescript:
        optional: true
      vue-tsc:
        optional: true

  rolldown@1.0.0-beta.57:
    resolution: {integrity: sha512-lMMxcNN71GMsSko8RyeTaFoATHkCh4IWU7pYF73ziMYjhHZWfVesC6GQ+iaJCvZmVjvgSks9Ks1aaqEkBd8udg==}
    engines: {node: ^20.19.0 || >=22.12.0}
    hasBin: true

  scheduler@0.23.2:
    resolution: {integrity: sha512-UOShsPwz7NrMUqhR6t0hWjFduvOzbtv7toDH1/hIrfRNIDBnnBWd0CwJTGvTpngVlmwGCdP9/Zl/tVrDqcuYzQ==}

  tinypool@2.0.0:
    resolution: {integrity: sha512-/RX9RzeH2xU5ADE7n2Ykvmi9ED3FBGPAjw9u3zucrNNaEBIO0HPSYgL0NT7+3p147ojeSdaVu08F6hjpv31HJg==}
    engines: {node: ^20.0.0 || >=22.0.0}

  tslib@2.8.1:
    resolution: {integrity: sha512-oJFu94HQb+KVduSUQL7wnpmqnfmLsOA/nAh6b6EH0wCEoK0/mPeXU6c3wKDV83MkOuHPRHtSXKKU99IBazS/2w==}

  typescript@5.9.3:
    resolution: {integrity: sha512-jl1vZzPDinLr9eUt3J/t7V6FgNEw9QjvBPdysz9KfQDD41fQrC2Y4vKQdiaUpFT4bXlb1RHhLpp8wtm6M5TgSw==}
    engines: {node: '>=14.17'}
    hasBin: true

snapshots:

  '@babel/generator@7.28.5':
    dependencies:
      '@babel/parser': 7.28.5
      '@babel/types': 7.28.5
      '@jridgewell/gen-mapping': 0.3.13
      '@jridgewell/trace-mapping': 0.3.31
      jsesc: 3.1.0

  '@babel/helper-string-parser@7.27.1': {}

  '@babel/helper-validator-identifier@7.28.5': {}

  '@babel/parser@7.28.5':
    dependencies:
      '@babel/types': 7.28.5

  '@babel/types@7.28.5':
    dependencies:
      '@babel/helper-string-parser': 7.27.1
      '@babel/helper-validator-identifier': 7.28.5

  '@emnapi/core@1.7.1':
    dependencies:
      '@emnapi/wasi-threads': 1.1.0
      tslib: 2.8.1
    optional: true

  '@emnapi/runtime@1.7.1':
    dependencies:
      tslib: 2.8.1
    optional: true

  '@emnapi/wasi-threads@1.1.0':
    dependencies:
      tslib: 2.8.1
    optional: true

  '@jridgewell/gen-mapping@0.3.13':
    dependencies:
      '@jridgewell/sourcemap-codec': 1.5.5
      '@jridgewell/trace-mapping': 0.3.31

  '@jridgewell/resolve-uri@3.1.2': {}

  '@jridgewell/sourcemap-codec@1.5.5': {}

  '@jridgewell/trace-mapping@0.3.31':
    dependencies:
      '@jridgewell/resolve-uri': 3.1.2
      '@jridgewell/sourcemap-codec': 1.5.5

  '@napi-rs/wasm-runtime@1.1.1':
    dependencies:
      '@emnapi/core': 1.7.1
      '@emnapi/runtime': 1.7.1
      '@tybys/wasm-util': 0.10.1
    optional: true

  '@notionhq/client@5.6.0': {}

  '@oxc-project/types@0.103.0': {}

  '@oxfmt/darwin-arm64@0.21.0':
    optional: true

  '@oxfmt/darwin-x64@0.21.0':
    optional: true

  '@oxfmt/linux-arm64-gnu@0.21.0':
    optional: true

  '@oxfmt/linux-arm64-musl@0.21.0':
    optional: true

  '@oxfmt/linux-x64-gnu@0.21.0':
    optional: true

  '@oxfmt/linux-x64-musl@0.21.0':
    optional: true

  '@oxfmt/win32-arm64@0.21.0':
    optional: true

  '@oxfmt/win32-x64@0.21.0':
    optional: true

  '@rolldown/binding-android-arm64@1.0.0-beta.57':
    optional: true

  '@rolldown/binding-darwin-arm64@1.0.0-beta.57':
    optional: true

  '@rolldown/binding-darwin-x64@1.0.0-beta.57':
    optional: true

  '@rolldown/binding-freebsd-x64@1.0.0-beta.57':
    optional: true

  '@rolldown/binding-linux-arm-gnueabihf@1.0.0-beta.57':
    optional: true

  '@rolldown/binding-linux-arm64-gnu@1.0.0-beta.57':
    optional: true

  '@rolldown/binding-linux-arm64-musl@1.0.0-beta.57':
    optional: true

  '@rolldown/binding-linux-x64-gnu@1.0.0-beta.57':
    optional: true

  '@rolldown/binding-linux-x64-musl@1.0.0-beta.57':
    optional: true

  '@rolldown/binding-openharmony-arm64@1.0.0-beta.57':
    optional: true

  '@rolldown/binding-wasm32-wasi@1.0.0-beta.57':
    dependencies:
      '@napi-rs/wasm-runtime': 1.1.1
    optional: true

  '@rolldown/binding-win32-arm64-msvc@1.0.0-beta.57':
    optional: true

  '@rolldown/binding-win32-x64-msvc@1.0.0-beta.57':
    optional: true

  '@rolldown/pluginutils@1.0.0-beta.57': {}

  '@tybys/wasm-util@0.10.1':
    dependencies:
      tslib: 2.8.1
    optional: true

  '@types/react-dom@19.2.3(@types/react@19.2.7)':
    dependencies:
      '@types/react': 19.2.7

  '@types/react@19.2.7':
    dependencies:
      csstype: 3.2.3

  ast-kit@2.2.0:
    dependencies:
      '@babel/parser': 7.28.5
      pathe: 2.0.3

  birpc@4.0.0: {}

  csstype@3.2.3: {}

  dts-resolver@2.1.3: {}

  get-tsconfig@4.13.0:
    dependencies:
      resolve-pkg-maps: 1.0.0

  js-tokens@4.0.0: {}

  jsesc@3.1.0: {}

  loose-envify@1.4.0:
    dependencies:
      js-tokens: 4.0.0

  obug@2.1.1: {}

  ohash@2.0.11: {}

  oxfmt@0.21.0:
    dependencies:
      tinypool: 2.0.0
    optionalDependencies:
      '@oxfmt/darwin-arm64': 0.21.0
      '@oxfmt/darwin-x64': 0.21.0
      '@oxfmt/linux-arm64-gnu': 0.21.0
      '@oxfmt/linux-arm64-musl': 0.21.0
      '@oxfmt/linux-x64-gnu': 0.21.0
      '@oxfmt/linux-x64-musl': 0.21.0
      '@oxfmt/win32-arm64': 0.21.0
      '@oxfmt/win32-x64': 0.21.0

  pathe@2.0.3: {}

  react-dom@18.3.1(react@18.3.1):
    dependencies:
      loose-envify: 1.4.0
      react: 18.3.1
      scheduler: 0.23.2

  react@18.3.1:
    dependencies:
      loose-envify: 1.4.0

  resolve-pkg-maps@1.0.0: {}

  rolldown-plugin-dts@0.20.0(rolldown@1.0.0-beta.57)(typescript@5.9.3):
    dependencies:
      '@babel/generator': 7.28.5
      '@babel/parser': 7.28.5
      '@babel/types': 7.28.5
      ast-kit: 2.2.0
      birpc: 4.0.0
      dts-resolver: 2.1.3
      get-tsconfig: 4.13.0
      obug: 2.1.1
      rolldown: 1.0.0-beta.57
    optionalDependencies:
      typescript: 5.9.3
    transitivePeerDependencies:
      - oxc-resolver

  rolldown@1.0.0-beta.57:
    dependencies:
      '@oxc-project/types': 0.103.0
      '@rolldown/pluginutils': 1.0.0-beta.57
    optionalDependencies:
      '@rolldown/binding-android-arm64': 1.0.0-beta.57
      '@rolldown/binding-darwin-arm64': 1.0.0-beta.57
      '@rolldown/binding-darwin-x64': 1.0.0-beta.57
      '@rolldown/binding-freebsd-x64': 1.0.0-beta.57
      '@rolldown/binding-linux-arm-gnueabihf': 1.0.0-beta.57
      '@rolldown/binding-linux-arm64-gnu': 1.0.0-beta.57
      '@rolldown/binding-linux-arm64-musl': 1.0.0-beta.57
      '@rolldown/binding-linux-x64-gnu': 1.0.0-beta.57
      '@rolldown/binding-linux-x64-musl': 1.0.0-beta.57
      '@rolldown/binding-openharmony-arm64': 1.0.0-beta.57
      '@rolldown/binding-wasm32-wasi': 1.0.0-beta.57
      '@rolldown/binding-win32-arm64-msvc': 1.0.0-beta.57
      '@rolldown/binding-win32-x64-msvc': 1.0.0-beta.57

  scheduler@0.23.2:
    dependencies:
      loose-envify: 1.4.0

  tinypool@2.0.0: {}

  tslib@2.8.1:
    optional: true

  typescript@5.9.3: {}
